github.com/DeliangFan/a v0.1.0 h1:1Hp0h4PBqFky8xggLiiIh9jhhsi8wTtH+TDsSt9QgwQ=
github.com/DeliangFan/a v0.1.0/go.mod h1:L1K3J6y38uc6w3Eb5LksVwehsVpjhJIDZ9CIP5KyUho=
github.com/DeliangFan/a v0.2.0 h1:DiSt1Rk7OY93Xbgi9Y3Ob2EWYVksZKNNpXfyHituDbQ=
github.com/DeliangFan/a v0.2.0/go.mod h1:L1K3J6y38uc6w3Eb5LksVwehsVpjhJIDZ9CIP5KyUho=
